
Microsoft Visual Studio Solution File, Format Version 12.00
# Visual Studio Version 17
VisualStudioVersion = 17.13.35913.81
MinimumVisualStudioVersion = 10.0.40219.1
Project("{FAE04EC0-301F-11D3-BF4B-00C04F79EFBC}") = "MudBlazorApp", "BlazorApp\MudBlazorApp.csproj", "{A2B6DFE9-FFCC-4BA2-9805-D65C95DEDADC}"
EndProject
Global
	GlobalSection(SolutionConfigurationPlatforms) = preSolution
		Debug|Any CPU = Debug|Any CPU
		Release|Any CPU = Release|Any CPU
	EndGlobalSection
	GlobalSection(ProjectConfigurationPlatforms) = postSolution
		{A2B6DFE9-FFCC-4BA2-9805-D65C95DEDADC}.Debug|Any CPU.ActiveCfg = Debug|Any CPU
		{A2B6DFE9-FFCC-4BA2-9805-D65C95DEDADC}.Debug|Any CPU.Build.0 = Debug|Any CPU
		{A2B6DFE9-FFCC-4BA2-9805-D65C95DEDADC}.Release|Any CPU.ActiveCfg = Release|Any CPU
		{A2B6DFE9-FFCC-4BA2-9805-D65C95DEDADC}.Release|Any CPU.Build.0 = Release|Any CPU
	EndGlobalSection
	GlobalSection(SolutionProperties) = preSolution
		HideSolutionNode = FALSE
	EndGlobalSection
	GlobalSection(ExtensibilityGlobals) = postSolution
		SolutionGuid = {37748222-57E0-4FEC-A118-7A8C0EC0A1DC}
	EndGlobalSection
EndGlobal
